
Microsoft Visual Studio Solution File, Format Version 12.00
# Visual Studio Version 17
VisualStudioVersion = 17.11.35222.181
MinimumVisualStudioVersion = 10.0.40219.1
Project("{FAE04EC0-301F-11D3-BF4B-00C04F79EFBC}") = "BookFlight", "BookFlight\BookFlight.csproj", "{2101E997-F77D-4217-A45F-9C658D22280E}"
EndProject
Global
	GlobalSection(SolutionConfigurationPlatforms) = preSolution
		Debug|Any CPU = Debug|Any CPU
		Release|Any CPU = Release|Any CPU
	EndGlobalSection
	GlobalSection(ProjectConfigurationPlatforms) = postSolution
		{2101E997-F77D-4217-A45F-9C658D22280E}.Debug|Any CPU.ActiveCfg = Debug|Any CPU
		{2101E997-F77D-4217-A45F-9C658D22280E}.Debug|Any CPU.Build.0 = Debug|Any CPU
		{2101E997-F77D-4217-A45F-9C658D22280E}.Release|Any CPU.ActiveCfg = Release|Any CPU
		{2101E997-F77D-4217-A45F-9C658D22280E}.Release|Any CPU.Build.0 = Release|Any CPU
	EndGlobalSection
	GlobalSection(SolutionProperties) = preSolution
		HideSolutionNode = FALSE
	EndGlobalSection
	GlobalSection(ExtensibilityGlobals) = postSolution
		SolutionGuid = {8ED5EAFD-1804-408F-B98D-F90FA669BF8C}
	EndGlobalSection
EndGlobal
